
Microsoft Visual Studio Solution File, Format Version 12.00
# Visual Studio Version 17
VisualStudioVersion = 17.2.32630.192
MinimumVisualStudioVersion = 10.0.40219.1
Project("{9A19103F-16F7-4668-BE54-9A1E7A4F7556}") = "DataAcess", "HW5\DataAcess.csproj", "{8A2D37AE-8E78-45A1-8205-139905673B4B}"
EndProject
Project("{9A19103F-16F7-4668-BE54-9A1E7A4F7556}") = "HW3.Models", "HW3.Records\HW3.Models.csproj", "{C2658D73-F53D-43B2-9DC4-1FFD69AEB14C}"
EndProject
Project("{9A19103F-16F7-4668-BE54-9A1E7A4F7556}") = "Client", "Client\Client.csproj", "{9BE9C5F4-CFBB-445A-A01B-C3E0F5329E49}"
EndProject
Project("{2150E333-8FDC-42A3-9474-1A3956D46DE8}") = "tests", "tests", "{81F44743-86CF-4C7F-92DF-FD8F925C74A7}"
EndProject
Project("{FAE04EC0-301F-11D3-BF4B-00C04F79EFBC}") = "MappersTests", "MappersTests\MappersTests.csproj", "{AE24DDAA-811E-4A5B-8B8A-D9F3BCB43D22}"
EndProject
Global
	GlobalSection(SolutionConfigurationPlatforms) = preSolution
		Debug|Any CPU = Debug|Any CPU
		Release|Any CPU = Release|Any CPU
	EndGlobalSection
	GlobalSection(ProjectConfigurationPlatforms) = postSolution
		{8A2D37AE-8E78-45A1-8205-139905673B4B}.Debug|Any CPU.ActiveCfg = Debug|Any CPU
		{8A2D37AE-8E78-45A1-8205-139905673B4B}.Debug|Any CPU.Build.0 = Debug|Any CPU
		{8A2D37AE-8E78-45A1-8205-139905673B4B}.Release|Any CPU.ActiveCfg = Release|Any CPU
		{8A2D37AE-8E78-45A1-8205-139905673B4B}.Release|Any CPU.Build.0 = Release|Any CPU
		{C2658D73-F53D-43B2-9DC4-1FFD69AEB14C}.Debug|Any CPU.ActiveCfg = Debug|Any CPU
		{C2658D73-F53D-43B2-9DC4-1FFD69AEB14C}.Debug|Any CPU.Build.0 = Debug|Any CPU
		{C2658D73-F53D-43B2-9DC4-1FFD69AEB14C}.Release|Any CPU.ActiveCfg = Release|Any CPU
		{C2658D73-F53D-43B2-9DC4-1FFD69AEB14C}.Release|Any CPU.Build.0 = Release|Any CPU
		{9BE9C5F4-CFBB-445A-A01B-C3E0F5329E49}.Debug|Any CPU.ActiveCfg = Debug|Any CPU
		{9BE9C5F4-CFBB-445A-A01B-C3E0F5329E49}.Debug|Any CPU.Build.0 = Debug|Any CPU
		{9BE9C5F4-CFBB-445A-A01B-C3E0F5329E49}.Release|Any CPU.ActiveCfg = Release|Any CPU
		{9BE9C5F4-CFBB-445A-A01B-C3E0F5329E49}.Release|Any CPU.Build.0 = Release|Any CPU
		{AE24DDAA-811E-4A5B-8B8A-D9F3BCB43D22}.Debug|Any CPU.ActiveCfg = Debug|Any CPU
		{AE24DDAA-811E-4A5B-8B8A-D9F3BCB43D22}.Debug|Any CPU.Build.0 = Debug|Any CPU
		{AE24DDAA-811E-4A5B-8B8A-D9F3BCB43D22}.Release|Any CPU.ActiveCfg = Release|Any CPU
		{AE24DDAA-811E-4A5B-8B8A-D9F3BCB43D22}.Release|Any CPU.Build.0 = Release|Any CPU
	EndGlobalSection
	GlobalSection(SolutionProperties) = preSolution
		HideSolutionNode = FALSE
	EndGlobalSection
	GlobalSection(NestedProjects) = preSolution
		{AE24DDAA-811E-4A5B-8B8A-D9F3BCB43D22} = {81F44743-86CF-4C7F-92DF-FD8F925C74A7}
	EndGlobalSection
	GlobalSection(ExtensibilityGlobals) = postSolution
		SolutionGuid = {499B60D2-5944-4B1D-BE8E-1DF1D783A3AE}
	EndGlobalSection
EndGlobal
